
Microsoft Visual Studio Solution File, Format Version 12.00
# Visual Studio Version 16
VisualStudioVersion = 16.0.29721.120
MinimumVisualStudioVersion = 10.0.40219.1
Project("{9A19103F-16F7-4668-BE54-9A1E7A4F7556}") = "ReactSharp", "ReactSharp\ReactSharp.csproj", "{5EAB99B8-7B9E-4850-B774-A235AAF332BC}"
EndProject
Project("{9A19103F-16F7-4668-BE54-9A1E7A4F7556}") = "ReactSharp.Tests", "ReactSharp.Tests\ReactSharp.Tests.csproj", "{D6496E8C-4663-4C47-B8F8-233FEB00AAF9}"
EndProject
Project("{9A19103F-16F7-4668-BE54-9A1E7A4F7556}") = "ReactSharp.Blazor", "ReactSharp.Blazor\ReactSharp.Blazor.csproj", "{A839D00D-E8D3-417B-A271-699D396B056F}"
EndProject
Project("{FAE04EC0-301F-11D3-BF4B-00C04F79EFBC}") = "ReactSharp.Demo", "ReactSharp.Demo\ReactSharp.Demo.csproj", "{AD0D42F5-7A51-48C5-9B1B-F7B5356455C2}"
EndProject
Project("{FAE04EC0-301F-11D3-BF4B-00C04F79EFBC}") = "ReactSharp.Blazor.Demo.ServerApp", "ReactSharp.Blazor.Demo.ServerApp\ReactSharp.Blazor.Demo.ServerApp.csproj", "{1F543956-9D22-471F-9BF7-97D8AAAFD749}"
EndProject
Global
	GlobalSection(SolutionConfigurationPlatforms) = preSolution
		Debug|Any CPU = Debug|Any CPU
		Release|Any CPU = Release|Any CPU
	EndGlobalSection
	GlobalSection(ProjectConfigurationPlatforms) = postSolution
		{5EAB99B8-7B9E-4850-B774-A235AAF332BC}.Debug|Any CPU.ActiveCfg = Debug|Any CPU
		{5EAB99B8-7B9E-4850-B774-A235AAF332BC}.Debug|Any CPU.Build.0 = Debug|Any CPU
		{5EAB99B8-7B9E-4850-B774-A235AAF332BC}.Release|Any CPU.ActiveCfg = Release|Any CPU
		{5EAB99B8-7B9E-4850-B774-A235AAF332BC}.Release|Any CPU.Build.0 = Release|Any CPU
		{D6496E8C-4663-4C47-B8F8-233FEB00AAF9}.Debug|Any CPU.ActiveCfg = Debug|Any CPU
		{D6496E8C-4663-4C47-B8F8-233FEB00AAF9}.Debug|Any CPU.Build.0 = Debug|Any CPU
		{D6496E8C-4663-4C47-B8F8-233FEB00AAF9}.Release|Any CPU.ActiveCfg = Release|Any CPU
		{D6496E8C-4663-4C47-B8F8-233FEB00AAF9}.Release|Any CPU.Build.0 = Release|Any CPU
		{A839D00D-E8D3-417B-A271-699D396B056F}.Debug|Any CPU.ActiveCfg = Debug|Any CPU
		{A839D00D-E8D3-417B-A271-699D396B056F}.Debug|Any CPU.Build.0 = Debug|Any CPU
		{A839D00D-E8D3-417B-A271-699D396B056F}.Release|Any CPU.ActiveCfg = Release|Any CPU
		{A839D00D-E8D3-417B-A271-699D396B056F}.Release|Any CPU.Build.0 = Release|Any CPU
		{AD0D42F5-7A51-48C5-9B1B-F7B5356455C2}.Debug|Any CPU.ActiveCfg = Debug|Any CPU
		{AD0D42F5-7A51-48C5-9B1B-F7B5356455C2}.Debug|Any CPU.Build.0 = Debug|Any CPU
		{AD0D42F5-7A51-48C5-9B1B-F7B5356455C2}.Release|Any CPU.ActiveCfg = Release|Any CPU
		{AD0D42F5-7A51-48C5-9B1B-F7B5356455C2}.Release|Any CPU.Build.0 = Release|Any CPU
		{1F543956-9D22-471F-9BF7-97D8AAAFD749}.Debug|Any CPU.ActiveCfg = Debug|Any CPU
		{1F543956-9D22-471F-9BF7-97D8AAAFD749}.Debug|Any CPU.Build.0 = Debug|Any CPU
		{1F543956-9D22-471F-9BF7-97D8AAAFD749}.Release|Any CPU.ActiveCfg = Release|Any CPU
		{1F543956-9D22-471F-9BF7-97D8AAAFD749}.Release|Any CPU.Build.0 = Release|Any CPU
	EndGlobalSection
	GlobalSection(SolutionProperties) = preSolution
		HideSolutionNode = FALSE
	EndGlobalSection
	GlobalSection(ExtensibilityGlobals) = postSolution
		SolutionGuid = {D85E452D-67D2-471F-93CF-F8CAE90E73B8}
	EndGlobalSection
EndGlobal
